
Microsoft Visual Studio Solution File, Format Version 12.00
Project("{FAE04EC0-301F-11D3-BF4B-00C04F79EFBC}") = "SimpleParser.UnitTests", "Chapter1-Introduction\SimpleParser.UnitTests\SimpleParser.UnitTests.csproj", "{8807AFBD-ADA1-4EA8-866C-0264087EFAFC}"
EndProject
Project("{FAE04EC0-301F-11D3-BF4B-00C04F79EFBC}") = "SimpleParser", "Chapter1-Introduction\SimpleParser\SimpleParser.csproj", "{CAFC3F66-FF9B-41F4-B6BC-0E2EEFDFC294}"
EndProject
Project("{FAE04EC0-301F-11D3-BF4B-00C04F79EFBC}") = "LogAn", "Chapter2-FirstTest\LogAn\LogAn.csproj", "{F04E3761-26C3-4854-9E12-8CC2120FA8EF}"
EndProject
Project("{FAE04EC0-301F-11D3-BF4B-00C04F79EFBC}") = "LogAn.UnitTests", "Chapter2-FirstTest\LogAn.UnitTests\LogAn.UnitTests.csproj", "{E88A26AB-5DB8-4176-B86A-231DCE2F1EF3}"
EndProject
Project("{2150E333-8FDC-42A3-9474-1A3956D46DE8}") = "Chapter2-FirstTest", "Chapter2-FirstTest", "{6BA7FA14-59A1-471F-B529-90A99F179AC9}"
EndProject
Project("{2150E333-8FDC-42A3-9474-1A3956D46DE8}") = "Chapter1-Introduction", "Chapter1-Introduction", "{25FDCD5F-19F3-43BE-A9C3-295735B1B8BE}"
EndProject
Project("{2150E333-8FDC-42A3-9474-1A3956D46DE8}") = "Chapter3-Stub", "Chapter3-Stub", "{C5155E88-C2B7-47F2-90ED-2B2EE85BA8F6}"
EndProject
Project("{FAE04EC0-301F-11D3-BF4B-00C04F79EFBC}") = "LogAn", "Chapter3-Stub\LogAn\LogAn.csproj", "{0EE62638-5C17-408A-9969-566333085ABA}"
EndProject
Project("{FAE04EC0-301F-11D3-BF4B-00C04F79EFBC}") = "LogAn.UnitTests", "Chapter3-Stub\LogAn.UnitTests\LogAn.UnitTests.csproj", "{30EBF876-73A1-480D-AFF1-B709BAB61CE9}"
EndProject
Project("{2150E333-8FDC-42A3-9474-1A3956D46DE8}") = "Chapter4-Mock", "Chapter4-Mock", "{7E76388E-66A5-45A5-8099-E85DA038129A}"
EndProject
Project("{FAE04EC0-301F-11D3-BF4B-00C04F79EFBC}") = "LogAn", "Chapter4-Mock\LogAn\LogAn.csproj", "{B25A9E78-C3E0-4499-817B-CC269FDAF03A}"
EndProject
Project("{FAE04EC0-301F-11D3-BF4B-00C04F79EFBC}") = "LogAn.UnitTests", "Chapter4-Mock\LogAn.UnitTests\LogAn.UnitTests.csproj", "{B430607A-E9C3-40DF-9884-DCACF874865B}"
EndProject
Project("{2150E333-8FDC-42A3-9474-1A3956D46DE8}") = "Chapter5-Mocking-Frameworks", "Chapter5-Mocking-Frameworks", "{7823B407-78B4-4F23-811A-A40CB411486F}"
EndProject
Project("{FAE04EC0-301F-11D3-BF4B-00C04F79EFBC}") = "LogAn", "Chapter5-Mocking-Frameworks\LogAn\LogAn.csproj", "{0E23D9A5-1107-48B2-A7E2-145AD8CCB659}"
EndProject
Project("{FAE04EC0-301F-11D3-BF4B-00C04F79EFBC}") = "LogAn.UnitItems", "Chapter5-Mocking-Frameworks\LogAn.UnitItems\LogAn.UnitItems.csproj", "{0DE491DD-F0E9-4F9E-A4F3-F2735CD74124}"
EndProject
Global
	GlobalSection(SolutionConfigurationPlatforms) = preSolution
		Debug|Any CPU = Debug|Any CPU
		Release|Any CPU = Release|Any CPU
	EndGlobalSection
	GlobalSection(ProjectConfigurationPlatforms) = postSolution
		{8807AFBD-ADA1-4EA8-866C-0264087EFAFC}.Debug|Any CPU.ActiveCfg = Debug|Any CPU
		{8807AFBD-ADA1-4EA8-866C-0264087EFAFC}.Debug|Any CPU.Build.0 = Debug|Any CPU
		{8807AFBD-ADA1-4EA8-866C-0264087EFAFC}.Release|Any CPU.ActiveCfg = Release|Any CPU
		{8807AFBD-ADA1-4EA8-866C-0264087EFAFC}.Release|Any CPU.Build.0 = Release|Any CPU
		{CAFC3F66-FF9B-41F4-B6BC-0E2EEFDFC294}.Debug|Any CPU.ActiveCfg = Debug|Any CPU
		{CAFC3F66-FF9B-41F4-B6BC-0E2EEFDFC294}.Debug|Any CPU.Build.0 = Debug|Any CPU
		{CAFC3F66-FF9B-41F4-B6BC-0E2EEFDFC294}.Release|Any CPU.ActiveCfg = Release|Any CPU
		{CAFC3F66-FF9B-41F4-B6BC-0E2EEFDFC294}.Release|Any CPU.Build.0 = Release|Any CPU
		{F04E3761-26C3-4854-9E12-8CC2120FA8EF}.Debug|Any CPU.ActiveCfg = Debug|Any CPU
		{F04E3761-26C3-4854-9E12-8CC2120FA8EF}.Debug|Any CPU.Build.0 = Debug|Any CPU
		{F04E3761-26C3-4854-9E12-8CC2120FA8EF}.Release|Any CPU.ActiveCfg = Release|Any CPU
		{F04E3761-26C3-4854-9E12-8CC2120FA8EF}.Release|Any CPU.Build.0 = Release|Any CPU
		{E88A26AB-5DB8-4176-B86A-231DCE2F1EF3}.Debug|Any CPU.ActiveCfg = Debug|Any CPU
		{E88A26AB-5DB8-4176-B86A-231DCE2F1EF3}.Debug|Any CPU.Build.0 = Debug|Any CPU
		{E88A26AB-5DB8-4176-B86A-231DCE2F1EF3}.Release|Any CPU.ActiveCfg = Release|Any CPU
		{E88A26AB-5DB8-4176-B86A-231DCE2F1EF3}.Release|Any CPU.Build.0 = Release|Any CPU
		{0EE62638-5C17-408A-9969-566333085ABA}.Debug|Any CPU.ActiveCfg = Debug|Any CPU
		{0EE62638-5C17-408A-9969-566333085ABA}.Debug|Any CPU.Build.0 = Debug|Any CPU
		{0EE62638-5C17-408A-9969-566333085ABA}.Release|Any CPU.ActiveCfg = Release|Any CPU
		{0EE62638-5C17-408A-9969-566333085ABA}.Release|Any CPU.Build.0 = Release|Any CPU
		{30EBF876-73A1-480D-AFF1-B709BAB61CE9}.Debug|Any CPU.ActiveCfg = Debug|Any CPU
		{30EBF876-73A1-480D-AFF1-B709BAB61CE9}.Debug|Any CPU.Build.0 = Debug|Any CPU
		{30EBF876-73A1-480D-AFF1-B709BAB61CE9}.Release|Any CPU.ActiveCfg = Release|Any CPU
		{30EBF876-73A1-480D-AFF1-B709BAB61CE9}.Release|Any CPU.Build.0 = Release|Any CPU
		{B25A9E78-C3E0-4499-817B-CC269FDAF03A}.Debug|Any CPU.ActiveCfg = Debug|Any CPU
		{B25A9E78-C3E0-4499-817B-CC269FDAF03A}.Debug|Any CPU.Build.0 = Debug|Any CPU
		{B25A9E78-C3E0-4499-817B-CC269FDAF03A}.Release|Any CPU.ActiveCfg = Release|Any CPU
		{B25A9E78-C3E0-4499-817B-CC269FDAF03A}.Release|Any CPU.Build.0 = Release|Any CPU
		{B430607A-E9C3-40DF-9884-DCACF874865B}.Debug|Any CPU.ActiveCfg = Debug|Any CPU
		{B430607A-E9C3-40DF-9884-DCACF874865B}.Debug|Any CPU.Build.0 = Debug|Any CPU
		{B430607A-E9C3-40DF-9884-DCACF874865B}.Release|Any CPU.ActiveCfg = Release|Any CPU
		{B430607A-E9C3-40DF-9884-DCACF874865B}.Release|Any CPU.Build.0 = Release|Any CPU
		{0E23D9A5-1107-48B2-A7E2-145AD8CCB659}.Debug|Any CPU.ActiveCfg = Debug|Any CPU
		{0E23D9A5-1107-48B2-A7E2-145AD8CCB659}.Debug|Any CPU.Build.0 = Debug|Any CPU
		{0E23D9A5-1107-48B2-A7E2-145AD8CCB659}.Release|Any CPU.ActiveCfg = Release|Any CPU
		{0E23D9A5-1107-48B2-A7E2-145AD8CCB659}.Release|Any CPU.Build.0 = Release|Any CPU
		{0DE491DD-F0E9-4F9E-A4F3-F2735CD74124}.Debug|Any CPU.ActiveCfg = Debug|Any CPU
		{0DE491DD-F0E9-4F9E-A4F3-F2735CD74124}.Debug|Any CPU.Build.0 = Debug|Any CPU
		{0DE491DD-F0E9-4F9E-A4F3-F2735CD74124}.Release|Any CPU.ActiveCfg = Release|Any CPU
		{0DE491DD-F0E9-4F9E-A4F3-F2735CD74124}.Release|Any CPU.Build.0 = Release|Any CPU
	EndGlobalSection
	GlobalSection(NestedProjects) = preSolution
		{F04E3761-26C3-4854-9E12-8CC2120FA8EF} = {6BA7FA14-59A1-471F-B529-90A99F179AC9}
		{E88A26AB-5DB8-4176-B86A-231DCE2F1EF3} = {6BA7FA14-59A1-471F-B529-90A99F179AC9}
		{CAFC3F66-FF9B-41F4-B6BC-0E2EEFDFC294} = {25FDCD5F-19F3-43BE-A9C3-295735B1B8BE}
		{8807AFBD-ADA1-4EA8-866C-0264087EFAFC} = {25FDCD5F-19F3-43BE-A9C3-295735B1B8BE}
		{0EE62638-5C17-408A-9969-566333085ABA} = {C5155E88-C2B7-47F2-90ED-2B2EE85BA8F6}
		{30EBF876-73A1-480D-AFF1-B709BAB61CE9} = {C5155E88-C2B7-47F2-90ED-2B2EE85BA8F6}
		{B25A9E78-C3E0-4499-817B-CC269FDAF03A} = {7E76388E-66A5-45A5-8099-E85DA038129A}
		{B430607A-E9C3-40DF-9884-DCACF874865B} = {7E76388E-66A5-45A5-8099-E85DA038129A}
		{0E23D9A5-1107-48B2-A7E2-145AD8CCB659} = {7823B407-78B4-4F23-811A-A40CB411486F}
		{0DE491DD-F0E9-4F9E-A4F3-F2735CD74124} = {7823B407-78B4-4F23-811A-A40CB411486F}
	EndGlobalSection
EndGlobal
